// !$*UTF8*$!
{
	archiveVersion = 1;
	classes = {
	};
	objectVersion = 51;
	objects = {

/* Begin PBXBuildFile section */
		774717A191FEFB3492AE52D3 /* Pods_MeetRoomINTXSFT.framework in Frameworks */ = {isa = PBXBuildFile; fileRef = 258BF47E0ADE338F14B7B086 /* Pods_MeetRoomINTXSFT.framework */; };
		9B37D7AA23FFAD6A004B5673 /* AppDelegate.swift in Sources */ = {isa = PBXBuildFile; fileRef = 9B37D7A923FFAD6A004B5673 /* AppDelegate.swift */; };
		9B37D7AC23FFAD6A004B5673 /* LoginViewController.swift in Sources */ = {isa = PBXBuildFile; fileRef = 9B37D7AB23FFAD6A004B5673 /* LoginViewController.swift */; };
		9B37D7AF23FFAD6A004B5673 /* Auth.storyboard in Resources */ = {isa = PBXBuildFile; fileRef = 9B37D7AD23FFAD6A004B5673 /* Auth.storyboard */; };
		9B37D7B223FFAD6A004B5673 /* MeetRoomINTXSFT.xcdatamodeld in Sources */ = {isa = PBXBuildFile; fileRef = 9B37D7B023FFAD6A004B5673 /* MeetRoomINTXSFT.xcdatamodeld */; };
		9B37D7B423FFAD6B004B5673 /* Assets.xcassets in Resources */ = {isa = PBXBuildFile; fileRef = 9B37D7B323FFAD6B004B5673 /* Assets.xcassets */; };
		9B37D7B723FFAD6B004B5673 /* LaunchScreen.storyboard in Resources */ = {isa = PBXBuildFile; fileRef = 9B37D7B523FFAD6B004B5673 /* LaunchScreen.storyboard */; };
		9B37D7C524011DE4004B5673 /* Network.swift in Sources */ = {isa = PBXBuildFile; fileRef = 9B37D7C424011DE4004B5673 /* Network.swift */; };
		9B37D7C724012297004B5673 /* LoginViewModel.swift in Sources */ = {isa = PBXBuildFile; fileRef = 9B37D7C624012297004B5673 /* LoginViewModel.swift */; };
		9B52182D240161F20029BFD2 /* Model.swift in Sources */ = {isa = PBXBuildFile; fileRef = 9B52182C240161F20029BFD2 /* Model.swift */; };
		9B52182F240168680029BFD2 /* Home.storyboard in Resources */ = {isa = PBXBuildFile; fileRef = 9B52182E240168680029BFD2 /* Home.storyboard */; };
		9B52183124016D520029BFD2 /* HomeViewController.swift in Sources */ = {isa = PBXBuildFile; fileRef = 9B52183024016D520029BFD2 /* HomeViewController.swift */; };
		9B521833240170A50029BFD2 /* HomeViewModel.swift in Sources */ = {isa = PBXBuildFile; fileRef = 9B521832240170A50029BFD2 /* HomeViewModel.swift */; };
		9B86546D240544C70055ACAF /* Profile.storyboard in Resources */ = {isa = PBXBuildFile; fileRef = 9B86546C240544C70055ACAF /* Profile.storyboard */; };
		9B86546F240544FC0055ACAF /* List.storyboard in Resources */ = {isa = PBXBuildFile; fileRef = 9B86546E240544FC0055ACAF /* List.storyboard */; };
		9B86547124054E830055ACAF /* ProfileViewController.swift in Sources */ = {isa = PBXBuildFile; fileRef = 9B86547024054E830055ACAF /* ProfileViewController.swift */; };
		9B865473240550C20055ACAF /* json.swift in Sources */ = {isa = PBXBuildFile; fileRef = 9B865472240550C20055ACAF /* json.swift */; };
		9B86549224065AF90055ACAF /* RoomDB+CoreDataClass.swift in Sources */ = {isa = PBXBuildFile; fileRef = 9B86548C24065AF90055ACAF /* RoomDB+CoreDataClass.swift */; };
		9B86549324065AF90055ACAF /* RoomDB+CoreDataProperties.swift in Sources */ = {isa = PBXBuildFile; fileRef = 9B86548D24065AF90055ACAF /* RoomDB+CoreDataProperties.swift */; };
		9B86549424065AF90055ACAF /* PersonDB+CoreDataClass.swift in Sources */ = {isa = PBXBuildFile; fileRef = 9B86548E24065AF90055ACAF /* PersonDB+CoreDataClass.swift */; };
		9B86549524065AF90055ACAF /* PersonDB+CoreDataProperties.swift in Sources */ = {isa = PBXBuildFile; fileRef = 9B86548F24065AF90055ACAF /* PersonDB+CoreDataProperties.swift */; };
		9B86549624065AF90055ACAF /* EquipmentDB+CoreDataClass.swift in Sources */ = {isa = PBXBuildFile; fileRef = 9B86549024065AF90055ACAF /* EquipmentDB+CoreDataClass.swift */; };
		9B86549724065AF90055ACAF /* EquipmentDB+CoreDataProperties.swift in Sources */ = {isa = PBXBuildFile; fileRef = 9B86549124065AF90055ACAF /* EquipmentDB+CoreDataProperties.swift */; };
		9B86549924065E010055ACAF /* DataBase.swift in Sources */ = {isa = PBXBuildFile; fileRef = 9B86549824065E010055ACAF /* DataBase.swift */; };
		9B9C11672403B44E004A314B /* FilterViewModel.swift in Sources */ = {isa = PBXBuildFile; fileRef = 9B9C11662403B44E004A314B /* FilterViewModel.swift */; };
		9B9C11692403B502004A314B /* FilterViewController.swift in Sources */ = {isa = PBXBuildFile; fileRef = 9B9C11682403B502004A314B /* FilterViewController.swift */; };
		9B9C116B2403CFB6004A314B /* Result.storyboard in Resources */ = {isa = PBXBuildFile; fileRef = 9B9C116A2403CFB6004A314B /* Result.storyboard */; };
		9B9C116F2403D041004A314B /* SearchResultViewController.swift in Sources */ = {isa = PBXBuildFile; fileRef = 9B9C116E2403D041004A314B /* SearchResultViewController.swift */; };
		9B9C117124054195004A314B /* Filter.storyboard in Resources */ = {isa = PBXBuildFile; fileRef = 9B9C117024054195004A314B /* Filter.storyboard */; };
		F319F9C92406537A002B1796 /* ListTableViewController.swift in Sources */ = {isa = PBXBuildFile; fileRef = F319F9C82406537A002B1796 /* ListTableViewController.swift */; };
		F319F9CB2406576A002B1796 /* RoomEquipmentViewController.swift in Sources */ = {isa = PBXBuildFile; fileRef = F319F9CA2406576A002B1796 /* RoomEquipmentViewController.swift */; };
		F319F9CF240699C4002B1796 /* DescriptionRoomTableViewCell.swift in Sources */ = {isa = PBXBuildFile; fileRef = F319F9CE240699C4002B1796 /* DescriptionRoomTableViewCell.swift */; };
/* End PBXBuildFile section */

/* Begin PBXFileReference section */
		258BF47E0ADE338F14B7B086 /* Pods_MeetRoomINTXSFT.framework */ = {isa = PBXFileReference; explicitFileType = wrapper.framework; includeInIndex = 0; path = Pods_MeetRoomINTXSFT.framework; sourceTree = BUILT_PRODUCTS_DIR; };
		60E4F079870C76B531E922CA /* Pods-MeetRoomINTXSFT.debug.xcconfig */ = {isa = PBXFileReference; includeInIndex = 1; lastKnownFileType = text.xcconfig; name = "Pods-MeetRoomINTXSFT.debug.xcconfig"; path = "Target Support Files/Pods-MeetRoomINTXSFT/Pods-MeetRoomINTXSFT.debug.xcconfig"; sourceTree = "<group>"; };
		9B37D7A623FFAD6A004B5673 /* MeetRoomINTXSFT.app */ = {isa = PBXFileReference; explicitFileType = wrapper.application; includeInIndex = 0; path = MeetRoomINTXSFT.app; sourceTree = BUILT_PRODUCTS_DIR; };
		9B37D7A923FFAD6A004B5673 /* AppDelegate.swift */ = {isa = PBXFileReference; lastKnownFileType = sourcecode.swift; path = AppDelegate.swift; sourceTree = "<group>"; };
		9B37D7AB23FFAD6A004B5673 /* LoginViewController.swift */ = {isa = PBXFileReference; lastKnownFileType = sourcecode.swift; path = LoginViewController.swift; sourceTree = "<group>"; };
		9B37D7AE23FFAD6A004B5673 /* Base */ = {isa = PBXFileReference; lastKnownFileType = file.storyboard; name = Base; path = Base.lproj/Auth.storyboard; sourceTree = "<group>"; };
		9B37D7B123FFAD6A004B5673 /* MeetRoomINTXSFT.xcdatamodel */ = {isa = PBXFileReference; lastKnownFileType = wrapper.xcdatamodel; path = MeetRoomINTXSFT.xcdatamodel; sourceTree = "<group>"; };
		9B37D7B323FFAD6B004B5673 /* Assets.xcassets */ = {isa = PBXFileReference; lastKnownFileType = folder.assetcatalog; path = Assets.xcassets; sourceTree = "<group>"; };
		9B37D7B623FFAD6B004B5673 /* Base */ = {isa = PBXFileReference; lastKnownFileType = file.storyboard; name = Base; path = Base.lproj/LaunchScreen.storyboard; sourceTree = "<group>"; };
		9B37D7B823FFAD6B004B5673 /* Info.plist */ = {isa = PBXFileReference; lastKnownFileType = text.plist.xml; path = Info.plist; sourceTree = "<group>"; };
		9B37D7C424011DE4004B5673 /* Network.swift */ = {isa = PBXFileReference; lastKnownFileType = sourcecode.swift; path = Network.swift; sourceTree = "<group>"; };
		9B37D7C624012297004B5673 /* LoginViewModel.swift */ = {isa = PBXFileReference; lastKnownFileType = sourcecode.swift; path = LoginViewModel.swift; sourceTree = "<group>"; };
		9B52182C240161F20029BFD2 /* Model.swift */ = {isa = PBXFileReference; lastKnownFileType = sourcecode.swift; path = Model.swift; sourceTree = "<group>"; };
		9B52182E240168680029BFD2 /* Home.storyboard */ = {isa = PBXFileReference; lastKnownFileType = file.storyboard; path = Home.storyboard; sourceTree = "<group>"; };
		9B52183024016D520029BFD2 /* HomeViewController.swift */ = {isa = PBXFileReference; lastKnownFileType = sourcecode.swift; path = HomeViewController.swift; sourceTree = "<group>"; };
		9B521832240170A50029BFD2 /* HomeViewModel.swift */ = {isa = PBXFileReference; lastKnownFileType = sourcecode.swift; path = HomeViewModel.swift; sourceTree = "<group>"; };
		9B86546C240544C70055ACAF /* Profile.storyboard */ = {isa = PBXFileReference; lastKnownFileType = file.storyboard; path = Profile.storyboard; sourceTree = "<group>"; };
		9B86546E240544FC0055ACAF /* List.storyboard */ = {isa = PBXFileReference; lastKnownFileType = file.storyboard; path = List.storyboard; sourceTree = "<group>"; };
		9B86547024054E830055ACAF /* ProfileViewController.swift */ = {isa = PBXFileReference; lastKnownFileType = sourcecode.swift; path = ProfileViewController.swift; sourceTree = "<group>"; };
		9B865472240550C20055ACAF /* json.swift */ = {isa = PBXFileReference; lastKnownFileType = sourcecode.swift; path = json.swift; sourceTree = "<group>"; };
		9B86548C24065AF90055ACAF /* RoomDB+CoreDataClass.swift */ = {isa = PBXFileReference; lastKnownFileType = sourcecode.swift; path = "RoomDB+CoreDataClass.swift"; sourceTree = "<group>"; };
		9B86548D24065AF90055ACAF /* RoomDB+CoreDataProperties.swift */ = {isa = PBXFileReference; lastKnownFileType = sourcecode.swift; path = "RoomDB+CoreDataProperties.swift"; sourceTree = "<group>"; };
		9B86548E24065AF90055ACAF /* PersonDB+CoreDataClass.swift */ = {isa = PBXFileReference; lastKnownFileType = sourcecode.swift; path = "PersonDB+CoreDataClass.swift"; sourceTree = "<group>"; };
		9B86548F24065AF90055ACAF /* PersonDB+CoreDataProperties.swift */ = {isa = PBXFileReference; lastKnownFileType = sourcecode.swift; path = "PersonDB+CoreDataProperties.swift"; sourceTree = "<group>"; };
		9B86549024065AF90055ACAF /* EquipmentDB+CoreDataClass.swift */ = {isa = PBXFileReference; lastKnownFileType = sourcecode.swift; path = "EquipmentDB+CoreDataClass.swift"; sourceTree = "<group>"; };
		9B86549124065AF90055ACAF /* EquipmentDB+CoreDataProperties.swift */ = {isa = PBXFileReference; lastKnownFileType = sourcecode.swift; path = "EquipmentDB+CoreDataProperties.swift"; sourceTree = "<group>"; };
		9B86549824065E010055ACAF /* DataBase.swift */ = {isa = PBXFileReference; lastKnownFileType = sourcecode.swift; path = DataBase.swift; sourceTree = "<group>"; };
		9B9C11662403B44E004A314B /* FilterViewModel.swift */ = {isa = PBXFileReference; lastKnownFileType = sourcecode.swift; path = FilterViewModel.swift; sourceTree = "<group>"; };
		9B9C11682403B502004A314B /* FilterViewController.swift */ = {isa = PBXFileReference; lastKnownFileType = sourcecode.swift; path = FilterViewController.swift; sourceTree = "<group>"; };
		9B9C116A2403CFB6004A314B /* Result.storyboard */ = {isa = PBXFileReference; lastKnownFileType = file.storyboard; path = Result.storyboard; sourceTree = "<group>"; };
		9B9C116E2403D041004A314B /* SearchResultViewController.swift */ = {isa = PBXFileReference; lastKnownFileType = sourcecode.swift; path = SearchResultViewController.swift; sourceTree = "<group>"; };
		9B9C117024054195004A314B /* Filter.storyboard */ = {isa = PBXFileReference; lastKnownFileType = file.storyboard; path = Filter.storyboard; sourceTree = "<group>"; };
		D653AEF01EB18EFDC609DCAC /* Pods-MeetRoomINTXSFT.release.xcconfig */ = {isa = PBXFileReference; includeInIndex = 1; lastKnownFileType = text.xcconfig; name = "Pods-MeetRoomINTXSFT.release.xcconfig"; path = "Target Support Files/Pods-MeetRoomINTXSFT/Pods-MeetRoomINTXSFT.release.xcconfig"; sourceTree = "<group>"; };
		F319F9C82406537A002B1796 /* ListTableViewController.swift */ = {isa = PBXFileReference; lastKnownFileType = sourcecode.swift; path = ListTableViewController.swift; sourceTree = "<group>"; };
		F319F9CA2406576A002B1796 /* RoomEquipmentViewController.swift */ = {isa = PBXFileReference; lastKnownFileType = sourcecode.swift; path = RoomEquipmentViewController.swift; sourceTree = "<group>"; };
		F319F9CE240699C4002B1796 /* DescriptionRoomTableViewCell.swift */ = {isa = PBXFileReference; lastKnownFileType = sourcecode.swift; path = DescriptionRoomTableViewCell.swift; sourceTree = "<group>"; };
/* End PBXFileReference section */

/* Begin PBXFrameworksBuildPhase section */
		9B37D7A323FFAD6A004B5673 /* Frameworks */ = {
			isa = PBXFrameworksBuildPhase;
			buildActionMask = 2147483647;
			files = (
				774717A191FEFB3492AE52D3 /* Pods_MeetRoomINTXSFT.framework in Frameworks */,
			);
			runOnlyForDeploymentPostprocessing = 0;
		};
/* End PBXFrameworksBuildPhase section */

/* Begin PBXGroup section */
		51D1EFBE80A13D077EA31ECB /* Frameworks */ = {
			isa = PBXGroup;
			children = (
				258BF47E0ADE338F14B7B086 /* Pods_MeetRoomINTXSFT.framework */,
			);
			name = Frameworks;
			sourceTree = "<group>";
		};
		6C4713E61F38813058591D18 /* Pods */ = {
			isa = PBXGroup;
			children = (
				60E4F079870C76B531E922CA /* Pods-MeetRoomINTXSFT.debug.xcconfig */,
				D653AEF01EB18EFDC609DCAC /* Pods-MeetRoomINTXSFT.release.xcconfig */,
			);
			path = Pods;
			sourceTree = "<group>";
		};
		9B37D79D23FFAD6A004B5673 = {
			isa = PBXGroup;
			children = (
				9B37D7A823FFAD6A004B5673 /* MeetRoomINTXSFT */,
				9B37D7A723FFAD6A004B5673 /* Products */,
				6C4713E61F38813058591D18 /* Pods */,
				51D1EFBE80A13D077EA31ECB /* Frameworks */,
			);
			sourceTree = "<group>";
		};
		9B37D7A723FFAD6A004B5673 /* Products */ = {
			isa = PBXGroup;
			children = (
				9B37D7A623FFAD6A004B5673 /* MeetRoomINTXSFT.app */,
			);
			name = Products;
			sourceTree = "<group>";
		};
		9B37D7A823FFAD6A004B5673 /* MeetRoomINTXSFT */ = {
			isa = PBXGroup;
			children = (
				9B37D7BE24000ED3004B5673 /* Model */,
				9B37D7BF24000EDE004B5673 /* ViewModel */,
				9B37D7C124000EEF004B5673 /* View */,
				9B37D7A923FFAD6A004B5673 /* AppDelegate.swift */,
				9B37D7B323FFAD6B004B5673 /* Assets.xcassets */,
				9B37D7B523FFAD6B004B5673 /* LaunchScreen.storyboard */,
				9B37D7B823FFAD6B004B5673 /* Info.plist */,
			);
			path = MeetRoomINTXSFT;
			sourceTree = "<group>";
		};
		9B37D7BE24000ED3004B5673 /* Model */ = {
			isa = PBXGroup;
			children = (
				9B52182C240161F20029BFD2 /* Model.swift */,
				9B865472240550C20055ACAF /* json.swift */,
				9B37D7C224011D25004B5673 /* Network */,
				9B37D7C324011D33004B5673 /* CoreData */,
			);
			path = Model;
			sourceTree = "<group>";
		};
		9B37D7BF24000EDE004B5673 /* ViewModel */ = {
			isa = PBXGroup;
			children = (
				9B37D7C624012297004B5673 /* LoginViewModel.swift */,
				9B521832240170A50029BFD2 /* HomeViewModel.swift */,
				9B9C11662403B44E004A314B /* FilterViewModel.swift */,
			);
			path = ViewModel;
			sourceTree = "<group>";
		};
		9B37D7C124000EEF004B5673 /* View */ = {
			isa = PBXGroup;
			children = (
				9B37D7AB23FFAD6A004B5673 /* LoginViewController.swift */,
				9B9C11682403B502004A314B /* FilterViewController.swift */,
				9B52183024016D520029BFD2 /* HomeViewController.swift */,
				9B9C116E2403D041004A314B /* SearchResultViewController.swift */,
				F319F9CE240699C4002B1796 /* DescriptionRoomTableViewCell.swift */,
				9B86547024054E830055ACAF /* ProfileViewController.swift */,
				F319F9C82406537A002B1796 /* ListTableViewController.swift */,
				F319F9CA2406576A002B1796 /* RoomEquipmentViewController.swift */,
				9B37D7AD23FFAD6A004B5673 /* Auth.storyboard */,
				9B52182E240168680029BFD2 /* Home.storyboard */,
				9B9C116A2403CFB6004A314B /* Result.storyboard */,
				9B9C117024054195004A314B /* Filter.storyboard */,
				9B86546C240544C70055ACAF /* Profile.storyboard */,
				9B86546E240544FC0055ACAF /* List.storyboard */,
			);
			path = View;
			sourceTree = "<group>";
		};
		9B37D7C224011D25004B5673 /* Network */ = {
			isa = PBXGroup;
			children = (
				9B37D7C424011DE4004B5673 /* Network.swift */,
			);
			path = Network;
			sourceTree = "<group>";
		};
		9B37D7C324011D33004B5673 /* CoreData */ = {
			isa = PBXGroup;
			children = (
				9B86549824065E010055ACAF /* DataBase.swift */,
				9B86549A24065E150055ACAF /* subClasses */,
				9B37D7B023FFAD6A004B5673 /* MeetRoomINTXSFT.xcdatamodeld */,
			);
			path = CoreData;
			sourceTree = "<group>";
		};
		9B86549A24065E150055ACAF /* subClasses */ = {
			isa = PBXGroup;
			children = (
				9B86548C24065AF90055ACAF /* RoomDB+CoreDataClass.swift */,
				9B86548D24065AF90055ACAF /* RoomDB+CoreDataProperties.swift */,
				9B86548E24065AF90055ACAF /* PersonDB+CoreDataClass.swift */,
				9B86548F24065AF90055ACAF /* PersonDB+CoreDataProperties.swift */,
				9B86549024065AF90055ACAF /* EquipmentDB+CoreDataClass.swift */,
				9B86549124065AF90055ACAF /* EquipmentDB+CoreDataProperties.swift */,
			);
			path = subClasses;
			sourceTree = "<group>";
		};
/* End PBXGroup section */

/* Begin PBXNativeTarget section */
		9B37D7A523FFAD6A004B5673 /* MeetRoomINTXSFT */ = {
			isa = PBXNativeTarget;
			buildConfigurationList = 9B37D7BB23FFAD6B004B5673 /* Build configuration list for PBXNativeTarget "MeetRoomINTXSFT" */;
			buildPhases = (
				610DDC2EB284E4BDA6C50AA9 /* [CP] Check Pods Manifest.lock */,
				9B37D7A223FFAD6A004B5673 /* Sources */,
				9B37D7A323FFAD6A004B5673 /* Frameworks */,
				9B37D7A423FFAD6A004B5673 /* Resources */,
				095025E6D1E8D910BDE70A02 /* [CP] Embed Pods Frameworks */,
			);
			buildRules = (
			);
			dependencies = (
			);
			name = MeetRoomINTXSFT;
			productName = MeetRoomINTXSFT;
			productReference = 9B37D7A623FFAD6A004B5673 /* MeetRoomINTXSFT.app */;
			productType = "com.apple.product-type.application";
		};
/* End PBXNativeTarget section */

/* Begin PBXProject section */
		9B37D79E23FFAD6A004B5673 /* Project object */ = {
			isa = PBXProject;
			attributes = {
				LastSwiftUpdateCheck = 1030;
				LastUpgradeCheck = 1030;
				ORGANIZATIONNAME = "Ruslan Filistovich";
				TargetAttributes = {
					9B37D7A523FFAD6A004B5673 = {
						CreatedOnToolsVersion = 10.3;
					};
				};
			};
			buildConfigurationList = 9B37D7A123FFAD6A004B5673 /* Build configuration list for PBXProject "MeetRoomINTXSFT" */;
			compatibilityVersion = "Xcode 9.3";
			developmentRegion = en;
			hasScannedForEncodings = 0;
			knownRegions = (
				en,
				Base,
			);
			mainGroup = 9B37D79D23FFAD6A004B5673;
			productRefGroup = 9B37D7A723FFAD6A004B5673 /* Products */;
			projectDirPath = "";
			projectRoot = "";
			targets = (
				9B37D7A523FFAD6A004B5673 /* MeetRoomINTXSFT */,
			);
		};
/* End PBXProject section */

/* Begin PBXResourcesBuildPhase section */
		9B37D7A423FFAD6A004B5673 /* Resources */ = {
			isa = PBXResourcesBuildPhase;
			buildActionMask = 2147483647;
			files = (
				9B9C116B2403CFB6004A314B /* Result.storyboard in Resources */,
				9B37D7B723FFAD6B004B5673 /* LaunchScreen.storyboard in Resources */,
				9B86546F240544FC0055ACAF /* List.storyboard in Resources */,
				9B9C117124054195004A314B /* Filter.storyboard in Resources */,
				9B37D7B423FFAD6B004B5673 /* Assets.xcassets in Resources */,
				9B37D7AF23FFAD6A004B5673 /* Auth.storyboard in Resources */,
				9B86546D240544C70055ACAF /* Profile.storyboard in Resources */,
				9B52182F240168680029BFD2 /* Home.storyboard in Resources */,
			);
			runOnlyForDeploymentPostprocessing = 0;
		};
/* End PBXResourcesBuildPhase section */

/* Begin PBXShellScriptBuildPhase section */
		095025E6D1E8D910BDE70A02 /* [CP] Embed Pods Frameworks */ = {
			isa = PBXShellScriptBuildPhase;
			buildActionMask = 2147483647;
			files = (
			);
			inputFileListPaths = (
				"${PODS_ROOT}/Target Support Files/Pods-MeetRoomINTXSFT/Pods-MeetRoomINTXSFT-frameworks-${CONFIGURATION}-input-files.xcfilelist",
			);
			name = "[CP] Embed Pods Frameworks";
			outputFileListPaths = (
				"${PODS_ROOT}/Target Support Files/Pods-MeetRoomINTXSFT/Pods-MeetRoomINTXSFT-frameworks-${CONFIGURATION}-output-files.xcfilelist",
			);
			runOnlyForDeploymentPostprocessing = 0;
			shellPath = /bin/sh;
			shellScript = "\"${PODS_ROOT}/Target Support Files/Pods-MeetRoomINTXSFT/Pods-MeetRoomINTXSFT-frameworks.sh\"\n";
			showEnvVarsInLog = 0;
		};
		610DDC2EB284E4BDA6C50AA9 /* [CP] Check Pods Manifest.lock */ = {
			isa = PBXShellScriptBuildPhase;
			buildActionMask = 2147483647;
			files = (
			);
			inputFileListPaths = (
			);
			inputPaths = (
				"${PODS_PODFILE_DIR_PATH}/Podfile.lock",
				"${PODS_ROOT}/Manifest.lock",
			);
			name = "[CP] Check Pods Manifest.lock";
			outputFileListPaths = (
			);
			outputPaths = (
				"$(DERIVED_FILE_DIR)/Pods-MeetRoomINTXSFT-checkManifestLockResult.txt",
			);
			runOnlyForDeploymentPostprocessing = 0;
			shellPath = /bin/sh;
			shellScript = "diff \"${PODS_PODFILE_DIR_PATH}/Podfile.lock\" \"${PODS_ROOT}/Manifest.lock\" > /dev/null\nif [ $? != 0 ] ; then\n    # print error to STDERR\n    echo \"error: The sandbox is not in sync with the Podfile.lock. Run 'pod install' or update your CocoaPods installation.\" >&2\n    exit 1\nfi\n# This output is used by Xcode 'outputs' to avoid re-running this script phase.\necho \"SUCCESS\" > \"${SCRIPT_OUTPUT_FILE_0}\"\n";
			showEnvVarsInLog = 0;
		};
/* End PBXShellScriptBuildPhase section */

/* Begin PBXSourcesBuildPhase section */
		9B37D7A223FFAD6A004B5673 /* Sources */ = {
			isa = PBXSourcesBuildPhase;
			buildActionMask = 2147483647;
			files = (
				9B9C11692403B502004A314B /* FilterViewController.swift in Sources */,
				F319F9CF240699C4002B1796 /* DescriptionRoomTableViewCell.swift in Sources */,
				9B37D7B223FFAD6A004B5673 /* MeetRoomINTXSFT.xcdatamodeld in Sources */,
				9B86549324065AF90055ACAF /* RoomDB+CoreDataProperties.swift in Sources */,
				9B37D7AC23FFAD6A004B5673 /* LoginViewController.swift in Sources */,
				9B37D7C524011DE4004B5673 /* Network.swift in Sources */,
				9B521833240170A50029BFD2 /* HomeViewModel.swift in Sources */,
				9B52182D240161F20029BFD2 /* Model.swift in Sources */,
				9B86549524065AF90055ACAF /* PersonDB+CoreDataProperties.swift in Sources */,
				9B86547124054E830055ACAF /* ProfileViewController.swift in Sources */,
				9B86549724065AF90055ACAF /* EquipmentDB+CoreDataProperties.swift in Sources */,
				9B86549924065E010055ACAF /* DataBase.swift in Sources */,
				9B86549424065AF90055ACAF /* PersonDB+CoreDataClass.swift in Sources */,
				9B86549624065AF90055ACAF /* EquipmentDB+CoreDataClass.swift in Sources */,
				9B37D7C724012297004B5673 /* LoginViewModel.swift in Sources */,
				9B86549224065AF90055ACAF /* RoomDB+CoreDataClass.swift in Sources */,
				9B865473240550C20055ACAF /* json.swift in Sources */,
				9B9C11672403B44E004A314B /* FilterViewModel.swift in Sources */,
				9B9C116F2403D041004A314B /* SearchResultViewController.swift in Sources */,
				9B52183124016D520029BFD2 /* HomeViewController.swift in Sources */,
				9B37D7AA23FFAD6A004B5673 /* AppDelegate.swift in Sources */,
				F319F9C92406537A002B1796 /* ListTableViewController.swift in Sources */,
			);
			runOnlyForDeploymentPostprocessing = 0;
		};
/* End PBXSourcesBuildPhase section */

/* Begin PBXVariantGroup section */
		9B37D7AD23FFAD6A004B5673 /* Auth.storyboard */ = {
			isa = PBXVariantGroup;
			children = (
				9B37D7AE23FFAD6A004B5673 /* Base */,
			);
			name = Auth.storyboard;
			sourceTree = "<group>";
		};
		9B37D7B523FFAD6B004B5673 /* LaunchScreen.storyboard */ = {
			isa = PBXVariantGroup;
			children = (
				9B37D7B623FFAD6B004B5673 /* Base */,
			);
			name = LaunchScreen.storyboard;
			sourceTree = "<group>";
		};
/* End PBXVariantGroup section */

/* Begin XCBuildConfiguration section */
		9B37D7B923FFAD6B004B5673 /* Debug */ = {
			isa = XCBuildConfiguration;
			buildSettings = {
				ALWAYS_SEARCH_USER_PATHS = NO;
				CLANG_ANALYZER_NONNULL = YES;
				CLANG_ANALYZER_NUMBER_OBJECT_CONVERSION = YES_AGGRESSIVE;
				CLANG_CXX_LANGUAGE_STANDARD = "gnu++14";
				CLANG_CXX_LIBRARY = "libc++";
				CLANG_ENABLE_MODULES = YES;
				CLANG_ENABLE_OBJC_ARC = YES;
				CLANG_ENABLE_OBJC_WEAK = YES;
				CLANG_WARN_BLOCK_CAPTURE_AUTORELEASING = YES;
				CLANG_WARN_BOOL_CONVERSION = YES;
				CLANG_WARN_COMMA = YES;
				CLANG_WARN_CONSTANT_CONVERSION = YES;
				CLANG_WARN_DEPRECATED_OBJC_IMPLEMENTATIONS = YES;
				CLANG_WARN_DIRECT_OBJC_ISA_USAGE = YES_ERROR;
				CLANG_WARN_DOCUMENTATION_COMMENTS = YES;
				CLANG_WARN_EMPTY_BODY = YES;
				CLANG_WARN_ENUM_CONVERSION = YES;
				CLANG_WARN_INFINITE_RECURSION = YES;
				CLANG_WARN_INT_CONVERSION = YES;
				CLANG_WARN_NON_LITERAL_NULL_CONVERSION = YES;
				CLANG_WARN_OBJC_IMPLICIT_RETAIN_SELF = YES;
				CLANG_WARN_OBJC_LITERAL_CONVERSION = YES;
				CLANG_WARN_OBJC_ROOT_CLASS = YES_ERROR;
				CLANG_WARN_RANGE_LOOP_ANALYSIS = YES;
				CLANG_WARN_STRICT_PROTOTYPES = YES;
				CLANG_WARN_SUSPICIOUS_MOVE = YES;
				CLANG_WARN_UNGUARDED_AVAILABILITY = YES_AGGRESSIVE;
				CLANG_WARN_UNREACHABLE_CODE = YES;
				CLANG_WARN__DUPLICATE_METHOD_MATCH = YES;
				CODE_SIGN_IDENTITY = "iPhone Developer";
				COPY_PHASE_STRIP = NO;
				DEBUG_INFORMATION_FORMAT = dwarf;
				ENABLE_STRICT_OBJC_MSGSEND = YES;
				ENABLE_TESTABILITY = YES;
				GCC_C_LANGUAGE_STANDARD = gnu11;
				GCC_DYNAMIC_NO_PIC = NO;
				GCC_NO_COMMON_BLOCKS = YES;
				GCC_OPTIMIZATION_LEVEL = 0;
				GCC_PREPROCESSOR_DEFINITIONS = (
					"DEBUG=1",
					"$(inherited)",
				);
				GCC_WARN_64_TO_32_BIT_CONVERSION = YES;
				GCC_WARN_ABOUT_RETURN_TYPE = YES_ERROR;
				GCC_WARN_UNDECLARED_SELECTOR = YES;
				GCC_WARN_UNINITIALIZED_AUTOS = YES_AGGRESSIVE;
				GCC_WARN_UNUSED_FUNCTION = YES;
				GCC_WARN_UNUSED_VARIABLE = YES;
				IPHONEOS_DEPLOYMENT_TARGET = 12.4;
				MTL_ENABLE_DEBUG_INFO = INCLUDE_SOURCE;
				MTL_FAST_MATH = YES;
				ONLY_ACTIVE_ARCH = YES;
				SDKROOT = iphoneos;
				SWIFT_ACTIVE_COMPILATION_CONDITIONS = DEBUG;
				SWIFT_OPTIMIZATION_LEVEL = "-Onone";
			};
			name = Debug;
		};
		9B37D7BA23FFAD6B004B5673 /* Release */ = {
			isa = XCBuildConfiguration;
			buildSettings = {
				ALWAYS_SEARCH_USER_PATHS = NO;
				CLANG_ANALYZER_NONNULL = YES;
				CLANG_ANALYZER_NUMBER_OBJECT_CONVERSION = YES_AGGRESSIVE;
				CLANG_CXX_LANGUAGE_STANDARD = "gnu++14";
				CLANG_CXX_LIBRARY = "libc++";
				CLANG_ENABLE_MODULES = YES;
				CLANG_ENABLE_OBJC_ARC = YES;
				CLANG_ENABLE_OBJC_WEAK = YES;
				CLANG_WARN_BLOCK_CAPTURE_AUTORELEASING = YES;
				CLANG_WARN_BOOL_CONVERSION = YES;
				CLANG_WARN_COMMA = YES;
				CLANG_WARN_CONSTANT_CONVERSION = YES;
				CLANG_WARN_DEPRECATED_OBJC_IMPLEMENTATIONS = YES;
				CLANG_WARN_DIRECT_OBJC_ISA_USAGE = YES_ERROR;
				CLANG_WARN_DOCUMENTATION_COMMENTS = YES;
				CLANG_WARN_EMPTY_BODY = YES;
				CLANG_WARN_ENUM_CONVERSION = YES;
				CLANG_WARN_INFINITE_RECURSION = YES;
				CLANG_WARN_INT_CONVERSION = YES;
				CLANG_WARN_NON_LITERAL_NULL_CONVERSION = YES;
				CLANG_WARN_OBJC_IMPLICIT_RETAIN_SELF = YES;
				CLANG_WARN_OBJC_LITERAL_CONVERSION = YES;
				CLANG_WARN_OBJC_ROOT_CLASS = YES_ERROR;
				CLANG_WARN_RANGE_LOOP_ANALYSIS = YES;
				CLANG_WARN_STRICT_PROTOTYPES = YES;
				CLANG_WARN_SUSPICIOUS_MOVE = YES;
				CLANG_WARN_UNGUARDED_AVAILABILITY = YES_AGGRESSIVE;
				CLANG_WARN_UNREACHABLE_CODE = YES;
				CLANG_WARN__DUPLICATE_METHOD_MATCH = YES;
				CODE_SIGN_IDENTITY = "iPhone Developer";
				COPY_PHASE_STRIP = NO;
				DEBUG_INFORMATION_FORMAT = "dwarf-with-dsym";
				ENABLE_NS_ASSERTIONS = NO;
				ENABLE_STRICT_OBJC_MSGSEND = YES;
				GCC_C_LANGUAGE_STANDARD = gnu11;
				GCC_NO_COMMON_BLOCKS = YES;
				GCC_WARN_64_TO_32_BIT_CONVERSION = YES;
				GCC_WARN_ABOUT_RETURN_TYPE = YES_ERROR;
				GCC_WARN_UNDECLARED_SELECTOR = YES;
				GCC_WARN_UNINITIALIZED_AUTOS = YES_AGGRESSIVE;
				GCC_WARN_UNUSED_FUNCTION = YES;
				GCC_WARN_UNUSED_VARIABLE = YES;
				IPHONEOS_DEPLOYMENT_TARGET = 12.4;
				MTL_ENABLE_DEBUG_INFO = NO;
				MTL_FAST_MATH = YES;
				SDKROOT = iphoneos;
				SWIFT_COMPILATION_MODE = wholemodule;
				SWIFT_OPTIMIZATION_LEVEL = "-O";
				VALIDATE_PRODUCT = YES;
			};
			name = Release;
		};
		9B37D7BC23FFAD6B004B5673 /* Debug */ = {
			isa = XCBuildConfiguration;
			baseConfigurationReference = 60E4F079870C76B531E922CA /* Pods-MeetRoomINTXSFT.debug.xcconfig */;
			buildSettings = {
				ASSETCATALOG_COMPILER_APPICON_NAME = "AppIcon-1";
				CODE_SIGN_STYLE = Automatic;
				DEVELOPMENT_TEAM = W85ZZMYXUT;
				INFOPLIST_FILE = MeetRoomINTXSFT/Info.plist;
				LD_RUNPATH_SEARCH_PATHS = (
					"$(inherited)",
					"@executable_path/Frameworks",
				);
				PRODUCT_BUNDLE_IDENTIFIER = com.bulllls.MeetRoomINTXSFT;
				PRODUCT_NAME = "$(TARGET_NAME)";
				SWIFT_VERSION = 5.0;
				TARGETED_DEVICE_FAMILY = "1,2";
			};
			name = Debug;
		};
		9B37D7BD23FFAD6B004B5673 /* Release */ = {
			isa = XCBuildConfiguration;
			baseConfigurationReference = D653AEF01EB18EFDC609DCAC /* Pods-MeetRoomINTXSFT.release.xcconfig */;
			buildSettings = {
				ASSETCATALOG_COMPILER_APPICON_NAME = "AppIcon-1";
				CODE_SIGN_STYLE = Automatic;
				DEVELOPMENT_TEAM = W85ZZMYXUT;
				INFOPLIST_FILE = MeetRoomINTXSFT/Info.plist;
				LD_RUNPATH_SEARCH_PATHS = (
					"$(inherited)",
					"@executable_path/Frameworks",
				);
				PRODUCT_BUNDLE_IDENTIFIER = com.bulllls.MeetRoomINTXSFT;
				PRODUCT_NAME = "$(TARGET_NAME)";
				SWIFT_VERSION = 5.0;
				TARGETED_DEVICE_FAMILY = "1,2";
			};
			name = Release;
		};
/* End XCBuildConfiguration section */

/* Begin XCConfigurationList section */
		9B37D7A123FFAD6A004B5673 /* Build configuration list for PBXProject "MeetRoomINTXSFT" */ = {
			isa = XCConfigurationList;
			buildConfigurations = (
				9B37D7B923FFAD6B004B5673 /* Debug */,
				9B37D7BA23FFAD6B004B5673 /* Release */,
			);
			defaultConfigurationIsVisible = 0;
			defaultConfigurationName = Release;
		};
		9B37D7BB23FFAD6B004B5673 /* Build configuration list for PBXNativeTarget "MeetRoomINTXSFT" */ = {
			isa = XCConfigurationList;
			buildConfigurations = (
				9B37D7BC23FFAD6B004B5673 /* Debug */,
				9B37D7BD23FFAD6B004B5673 /* Release */,
			);
			defaultConfigurationIsVisible = 0;
			defaultConfigurationName = Release;
		};
/* End XCConfigurationList section */

/* Begin XCVersionGroup section */
		9B37D7B023FFAD6A004B5673 /* MeetRoomINTXSFT.xcdatamodeld */ = {
			isa = XCVersionGroup;
			children = (
				9B37D7B123FFAD6A004B5673 /* MeetRoomINTXSFT.xcdatamodel */,
			);
			currentVersion = 9B37D7B123FFAD6A004B5673 /* MeetRoomINTXSFT.xcdatamodel */;
			path = MeetRoomINTXSFT.xcdatamodeld;
			sourceTree = "<group>";
			versionGroupType = wrapper.xcdatamodel;
		};
/* End XCVersionGroup section */
	};
	rootObject = 9B37D79E23FFAD6A004B5673 /* Project object */;
}
